{
  "object": {
    "pins": [
      {
        "package": "GenesysCloudMessengerTransport",
        "repositoryURL": "https://github.com/MyPureCloud/mm-genesyscloudmessengertransport-spm.git",
        "state": {
          "branch": null,
          "revision": "3a3e43e49cc9abe24f273b7c4140c61b947546c0",
          "version": "2.9.3"
        }
      },
      {
        "package": "GenesysCloudCore",
        "repositoryURL": "https://github.com/MyPureCloud/mobile-messenger-genesyscloudcore-spm.git",
        "state": {
          "branch": null,
          "revision": "c308fb856f39fa15dd2d508eb67ef941e93ac1e7",
          "version": "1.17.0"
        }
      }
    ]
  },
  "version": 1
}
