{
  "object": {
    "pins": [
      {
        "package": "GenesysCloudMessengerTransport",
        "repositoryURL": "https://github.com/MyPureCloud/mm-genesyscloudmessengertransport-spm.git",
        "state": {
          "branch": null,
          "revision": "7806a3c8a49510c03de8e073c8e4477d32430ccb",
          "version": "2.8.7"
        }
      },
      {
        "package": "GenesysCloudCore",
        "repositoryURL": "https://github.com/MyPureCloud/mobile-messenger-genesyscloudcore-spm.git",
        "state": {
          "branch": null,
          "revision": "f80859414a7e2919d5592105de2a5c69bab4b7d2",
          "version": "1.15.1"
        }
      }
    ]
  },
  "version": 1
}
