{
  "object": {
    "pins": [
      {
        "package": "GenesysCloudMessengerTransport",
        "repositoryURL": "https://github.com/MyPureCloud/mm-genesyscloudmessengertransport-spm.git",
        "state": {
          "branch": null,
          "revision": "2cac38cbcd432a2464c7b86213329329bba5648e",
          "version": "2.13.0"
        }
      },
      {
        "package": "GenesysCloudCore",
        "repositoryURL": "https://github.com/MyPureCloud/mobile-messenger-genesyscloudcore-spm.git",
        "state": {
          "branch": null,
          "revision": "0e0fce92141445c0f8b8b409df4b81c8dbf5ddce",
          "version": "2.2.0"
        }
      }
    ]
  },
  "version": 1
}
